
Microsoft Visual Studio Solution File, Format Version 12.00
# Visual Studio 15
VisualStudioVersion = 15.0.28307.1300
MinimumVisualStudioVersion = 10.0.40219.1
Project("{FAE04EC0-301F-11D3-BF4B-00C04F79EFBC}") = "Gambling Simulator", "Gambling Simulator\Gambling Simulator.csproj", "{CA9AC969-412D-4A39-920F-2687F0A8FDC0}"
EndProject
Global
	GlobalSection(SolutionConfigurationPlatforms) = preSolution
		Debug|Any CPU = Debug|Any CPU
		Release|Any CPU = Release|Any CPU
	EndGlobalSection
	GlobalSection(ProjectConfigurationPlatforms) = postSolution
		{CA9AC969-412D-4A39-920F-2687F0A8FDC0}.Debug|Any CPU.ActiveCfg = Debug|Any CPU
		{CA9AC969-412D-4A39-920F-2687F0A8FDC0}.Debug|Any CPU.Build.0 = Debug|Any CPU
		{CA9AC969-412D-4A39-920F-2687F0A8FDC0}.Release|Any CPU.ActiveCfg = Release|Any CPU
		{CA9AC969-412D-4A39-920F-2687F0A8FDC0}.Release|Any CPU.Build.0 = Release|Any CPU
	EndGlobalSection
	GlobalSection(SolutionProperties) = preSolution
		HideSolutionNode = FALSE
	EndGlobalSection
	GlobalSection(ExtensibilityGlobals) = postSolution
		SolutionGuid = {6813B34A-408C-4467-A649-6E4524D119FF}
	EndGlobalSection
EndGlobal
